// !$*UTF8*$!
{
	archiveVersion = 1;
	classes = {
	};
	objectVersion = 52;
	objects = {

/* Begin PBXBuildFile section */
		781EFD6E0B1D70F6436FC400 /* Pods_MuseAITests.framework in Frameworks */ = {isa = PBXBuildFile; fileRef = 7835B8A9EE201DB8A570FD43 /* Pods_MuseAITests.framework */; };
		A78A75D936950F8D4E3C5323 /* Pods_MuseAI.framework in Frameworks */ = {isa = PBXBuildFile; fileRef = F107C87EE513B5E97D2C61D9 /* Pods_MuseAI.framework */; };
		E7926730DACA7E17F45735CB /* Pods_MuseAI_MuseAIUITests.framework in Frameworks */ = {isa = PBXBuildFile; fileRef = 44ED89FC0E8A4093009F7A6A /* Pods_MuseAI_MuseAIUITests.framework */; };
		ED14572523EE48500076A146 /* PianoBackground.jpg in Resources */ = {isa = PBXBuildFile; fileRef = ED14572423EE48500076A146 /* PianoBackground.jpg */; };
		ED14572723EE489A0076A146 /* ScreenControl.swift in Sources */ = {isa = PBXBuildFile; fileRef = ED14572623EE489A0076A146 /* ScreenControl.swift */; };
		ED14572923EE48CB0076A146 /* SoundError.swift in Sources */ = {isa = PBXBuildFile; fileRef = ED14572823EE48CB0076A146 /* SoundError.swift */; };
		ED3F7DE623E61C59004010C1 /* CreateAccountView.swift in Sources */ = {isa = PBXBuildFile; fileRef = ED3F7DE523E61C59004010C1 /* CreateAccountView.swift */; };
		ED3F7DE823E61E22004010C1 /* StartPageView.swift in Sources */ = {isa = PBXBuildFile; fileRef = ED3F7DE723E61E22004010C1 /* StartPageView.swift */; };
		ED41505B23EE8353005F5917 /* Speaker.swift in Sources */ = {isa = PBXBuildFile; fileRef = ED41505A23EE8353005F5917 /* Speaker.swift */; };
		ED41505F23EE9FD4005F5917 /* Synth.swift in Sources */ = {isa = PBXBuildFile; fileRef = ED41505E23EE9FD4005F5917 /* Synth.swift */; };
		ED41506123EEA2A3005F5917 /* KeyboardViewBridge.swift in Sources */ = {isa = PBXBuildFile; fileRef = ED41506023EEA2A3005F5917 /* KeyboardViewBridge.swift */; };
		ED41506323EEA569005F5917 /* KeyboardView.swift in Sources */ = {isa = PBXBuildFile; fileRef = ED41506223EEA569005F5917 /* KeyboardView.swift */; };
		ED41506523EEA8B7005F5917 /* KeyboardViewController.swift in Sources */ = {isa = PBXBuildFile; fileRef = ED41506423EEA8B7005F5917 /* KeyboardViewController.swift */; };
		ED4B2DE4240AE2CC00F56CC7 /* AINotes.swift in Sources */ = {isa = PBXBuildFile; fileRef = ED4B2DE3240AE2CC00F56CC7 /* AINotes.swift */; };
		ED7A4E56244EB0220033C332 /* MelodyServerApi.swift in Sources */ = {isa = PBXBuildFile; fileRef = ED7A4E55244EB0220033C332 /* MelodyServerApi.swift */; };
		ED7A4E58244EB1FE0033C332 /* MelodyServerApiImpl.swift in Sources */ = {isa = PBXBuildFile; fileRef = ED7A4E57244EB1FE0033C332 /* MelodyServerApiImpl.swift */; };
		EDA004BD23E4ECDA0030480B /* AppDelegate.swift in Sources */ = {isa = PBXBuildFile; fileRef = EDA004BC23E4ECDA0030480B /* AppDelegate.swift */; };
		EDA004BF23E4ECDA0030480B /* SceneDelegate.swift in Sources */ = {isa = PBXBuildFile; fileRef = EDA004BE23E4ECDA0030480B /* SceneDelegate.swift */; };
		EDA004C323E4ECDC0030480B /* Assets.xcassets in Resources */ = {isa = PBXBuildFile; fileRef = EDA004C223E4ECDC0030480B /* Assets.xcassets */; };
		EDA004C623E4ECDC0030480B /* Preview Assets.xcassets in Resources */ = {isa = PBXBuildFile; fileRef = EDA004C523E4ECDC0030480B /* Preview Assets.xcassets */; };
		EDA004C923E4ECDC0030480B /* LaunchScreen.storyboard in Resources */ = {isa = PBXBuildFile; fileRef = EDA004C723E4ECDC0030480B /* LaunchScreen.storyboard */; };
		EDA004D423E4ECDC0030480B /* MuseAITests.swift in Sources */ = {isa = PBXBuildFile; fileRef = EDA004D323E4ECDC0030480B /* MuseAITests.swift */; };
		EDA004DF23E4ECDC0030480B /* MuseAIUITests.swift in Sources */ = {isa = PBXBuildFile; fileRef = EDA004DE23E4ECDC0030480B /* MuseAIUITests.swift */; };
		EDA460C823F8E71400901749 /* OrientationLock.swift in Sources */ = {isa = PBXBuildFile; fileRef = EDA460C723F8E71400901749 /* OrientationLock.swift */; };
		EDABFDEE244FA3CC00A2D2AC /* BuildFile in Frameworks */ = {isa = PBXBuildFile; productRef = EDABFDED244FA3CC00A2D2AC /* SwiftPackageProductDependency */; };
		EDB6C02223F8B7BB002F03BB /* AudioToolbox.framework in Frameworks */ = {isa = PBXBuildFile; fileRef = EDB6C02123F8B7BB002F03BB /* AudioToolbox.framework */; };
		EDB6C02D23F8BA59002F03BB /* FluidR3_GM.sf2 in Resources */ = {isa = PBXBuildFile; fileRef = EDB6C02C23F8BA59002F03BB /* FluidR3_GM.sf2 */; };
		EDB6C03023F8BACD002F03BB /* AudioKit.framework in Frameworks */ = {isa = PBXBuildFile; fileRef = EDB6C02E23F8BACD002F03BB /* AudioKit.framework */; };
		EDB6C03223F8BACD002F03BB /* AudioKitUI.framework in Frameworks */ = {isa = PBXBuildFile; fileRef = EDB6C02F23F8BACD002F03BB /* AudioKitUI.framework */; };
		EDC91E0923E62B6E005FFB03 /* Colors.xcassets in Resources */ = {isa = PBXBuildFile; fileRef = EDC91E0823E62B6E005FFB03 /* Colors.xcassets */; };
		EDC91E0B23E62EBA005FFB03 /* LoginView.swift in Sources */ = {isa = PBXBuildFile; fileRef = EDC91E0A23E62EBA005FFB03 /* LoginView.swift */; };
		EDC91E0D23E631F6005FFB03 /* GradientBackgroundStyle.swift in Sources */ = {isa = PBXBuildFile; fileRef = EDC91E0C23E631F6005FFB03 /* GradientBackgroundStyle.swift */; };
		EDC91E0F23E63B99005FFB03 /* HomeView.swift in Sources */ = {isa = PBXBuildFile; fileRef = EDC91E0E23E63B99005FFB03 /* HomeView.swift */; };
		EDDCE3152454BA5700321F7B /* GoogleService-Info.plist in Resources */ = {isa = PBXBuildFile; fileRef = EDDCE3142454BA5700321F7B /* GoogleService-Info.plist */; };
		EDDCE3162454BA5700321F7B /* GoogleService-Info.plist in Resources */ = {isa = PBXBuildFile; fileRef = EDDCE3142454BA5700321F7B /* GoogleService-Info.plist */; };
		EDDCE3172454BA5700321F7B /* GoogleService-Info.plist in Resources */ = {isa = PBXBuildFile; fileRef = EDDCE3142454BA5700321F7B /* GoogleService-Info.plist */; };
		EDDCE3192454F37A00321F7B /* KeyboardGuardian.swift in Sources */ = {isa = PBXBuildFile; fileRef = EDDCE3182454F37A00321F7B /* KeyboardGuardian.swift */; };
		EDDCE31A2454F37A00321F7B /* KeyboardGuardian.swift in Sources */ = {isa = PBXBuildFile; fileRef = EDDCE3182454F37A00321F7B /* KeyboardGuardian.swift */; };
		EDDCE31B2454F37A00321F7B /* KeyboardGuardian.swift in Sources */ = {isa = PBXBuildFile; fileRef = EDDCE3182454F37A00321F7B /* KeyboardGuardian.swift */; };
		EDDCE31D2454F42A00321F7B /* GeometryGetter.swift in Sources */ = {isa = PBXBuildFile; fileRef = EDDCE31C2454F42A00321F7B /* GeometryGetter.swift */; };
		EDDCE31E2454F42A00321F7B /* GeometryGetter.swift in Sources */ = {isa = PBXBuildFile; fileRef = EDDCE31C2454F42A00321F7B /* GeometryGetter.swift */; };
		EDDCE31F2454F42A00321F7B /* GeometryGetter.swift in Sources */ = {isa = PBXBuildFile; fileRef = EDDCE31C2454F42A00321F7B /* GeometryGetter.swift */; };
/* End PBXBuildFile section */

/* Begin PBXContainerItemProxy section */
		EDA004D023E4ECDC0030480B /* PBXContainerItemProxy */ = {
			isa = PBXContainerItemProxy;
			containerPortal = EDA004B123E4ECDA0030480B /* Project object */;
			proxyType = 1;
			remoteGlobalIDString = EDA004B823E4ECDA0030480B;
			remoteInfo = MuseAI;
		};
		EDA004DB23E4ECDC0030480B /* PBXContainerItemProxy */ = {
			isa = PBXContainerItemProxy;
			containerPortal = EDA004B123E4ECDA0030480B /* Project object */;
			proxyType = 1;
			remoteGlobalIDString = EDA004B823E4ECDA0030480B;
			remoteInfo = MuseAI;
		};
/* End PBXContainerItemProxy section */

/* Begin PBXFileReference section */
		1645DFA878846A1AAA965089 /* Pods-MuseAI.release.xcconfig */ = {isa = PBXFileReference; includeInIndex = 1; lastKnownFileType = text.xcconfig; name = "Pods-MuseAI.release.xcconfig"; path = "Target Support Files/Pods-MuseAI/Pods-MuseAI.release.xcconfig"; sourceTree = "<group>"; };
		44ED89FC0E8A4093009F7A6A /* Pods_MuseAI_MuseAIUITests.framework */ = {isa = PBXFileReference; explicitFileType = wrapper.framework; includeInIndex = 0; path = Pods_MuseAI_MuseAIUITests.framework; sourceTree = BUILT_PRODUCTS_DIR; };
		55A58B52C3C08F664B373CEB /* Pods-MuseAITests.debug.xcconfig */ = {isa = PBXFileReference; includeInIndex = 1; lastKnownFileType = text.xcconfig; name = "Pods-MuseAITests.debug.xcconfig"; path = "Target Support Files/Pods-MuseAITests/Pods-MuseAITests.debug.xcconfig"; sourceTree = "<group>"; };
		64BFB0031BF5386CE36E87D1 /* Pods-MuseAI-MuseAIUITests.release.xcconfig */ = {isa = PBXFileReference; includeInIndex = 1; lastKnownFileType = text.xcconfig; name = "Pods-MuseAI-MuseAIUITests.release.xcconfig"; path = "Target Support Files/Pods-MuseAI-MuseAIUITests/Pods-MuseAI-MuseAIUITests.release.xcconfig"; sourceTree = "<group>"; };
		7657E5725FDB62D900A579F7 /* Pods-MuseAI.debug.xcconfig */ = {isa = PBXFileReference; includeInIndex = 1; lastKnownFileType = text.xcconfig; name = "Pods-MuseAI.debug.xcconfig"; path = "Target Support Files/Pods-MuseAI/Pods-MuseAI.debug.xcconfig"; sourceTree = "<group>"; };
		7835B8A9EE201DB8A570FD43 /* Pods_MuseAITests.framework */ = {isa = PBXFileReference; explicitFileType = wrapper.framework; includeInIndex = 0; path = Pods_MuseAITests.framework; sourceTree = BUILT_PRODUCTS_DIR; };
		A418C6910CAA29B0BFDAFD86 /* Pods-MuseAITests.release.xcconfig */ = {isa = PBXFileReference; includeInIndex = 1; lastKnownFileType = text.xcconfig; name = "Pods-MuseAITests.release.xcconfig"; path = "Target Support Files/Pods-MuseAITests/Pods-MuseAITests.release.xcconfig"; sourceTree = "<group>"; };
		BC1834C0E2C5399D0F580BBB /* Pods-MuseAI-MuseAIUITests.debug.xcconfig */ = {isa = PBXFileReference; includeInIndex = 1; lastKnownFileType = text.xcconfig; name = "Pods-MuseAI-MuseAIUITests.debug.xcconfig"; path = "Target Support Files/Pods-MuseAI-MuseAIUITests/Pods-MuseAI-MuseAIUITests.debug.xcconfig"; sourceTree = "<group>"; };
		ED14572423EE48500076A146 /* PianoBackground.jpg */ = {isa = PBXFileReference; lastKnownFileType = image.jpeg; path = PianoBackground.jpg; sourceTree = "<group>"; };
		ED14572623EE489A0076A146 /* ScreenControl.swift */ = {isa = PBXFileReference; lastKnownFileType = sourcecode.swift; path = ScreenControl.swift; sourceTree = "<group>"; };
		ED14572823EE48CB0076A146 /* SoundError.swift */ = {isa = PBXFileReference; lastKnownFileType = sourcecode.swift; path = SoundError.swift; sourceTree = "<group>"; };
		ED3F7DE523E61C59004010C1 /* CreateAccountView.swift */ = {isa = PBXFileReference; lastKnownFileType = sourcecode.swift; path = CreateAccountView.swift; sourceTree = "<group>"; };
		ED3F7DE723E61E22004010C1 /* StartPageView.swift */ = {isa = PBXFileReference; lastKnownFileType = sourcecode.swift; path = StartPageView.swift; sourceTree = "<group>"; };
		ED41505A23EE8353005F5917 /* Speaker.swift */ = {isa = PBXFileReference; lastKnownFileType = sourcecode.swift; path = Speaker.swift; sourceTree = "<group>"; };
		ED41505E23EE9FD4005F5917 /* Synth.swift */ = {isa = PBXFileReference; lastKnownFileType = sourcecode.swift; path = Synth.swift; sourceTree = "<group>"; };
		ED41506023EEA2A3005F5917 /* KeyboardViewBridge.swift */ = {isa = PBXFileReference; lastKnownFileType = sourcecode.swift; path = KeyboardViewBridge.swift; sourceTree = "<group>"; };
		ED41506223EEA569005F5917 /* KeyboardView.swift */ = {isa = PBXFileReference; lastKnownFileType = sourcecode.swift; path = KeyboardView.swift; sourceTree = "<group>"; };
		ED41506423EEA8B7005F5917 /* KeyboardViewController.swift */ = {isa = PBXFileReference; lastKnownFileType = sourcecode.swift; path = KeyboardViewController.swift; sourceTree = "<group>"; };
		ED4B2DE3240AE2CC00F56CC7 /* AINotes.swift */ = {isa = PBXFileReference; lastKnownFileType = sourcecode.swift; path = AINotes.swift; sourceTree = "<group>"; };
		ED7A4E55244EB0220033C332 /* MelodyServerApi.swift */ = {isa = PBXFileReference; lastKnownFileType = sourcecode.swift; path = MelodyServerApi.swift; sourceTree = "<group>"; };
		ED7A4E57244EB1FE0033C332 /* MelodyServerApiImpl.swift */ = {isa = PBXFileReference; lastKnownFileType = sourcecode.swift; path = MelodyServerApiImpl.swift; sourceTree = "<group>"; };
		EDA004B923E4ECDA0030480B /* MuseAI.app */ = {isa = PBXFileReference; explicitFileType = wrapper.application; includeInIndex = 0; path = MuseAI.app; sourceTree = BUILT_PRODUCTS_DIR; };
		EDA004BC23E4ECDA0030480B /* AppDelegate.swift */ = {isa = PBXFileReference; lastKnownFileType = sourcecode.swift; path = AppDelegate.swift; sourceTree = "<group>"; };
		EDA004BE23E4ECDA0030480B /* SceneDelegate.swift */ = {isa = PBXFileReference; lastKnownFileType = sourcecode.swift; path = SceneDelegate.swift; sourceTree = "<group>"; };
		EDA004C223E4ECDC0030480B /* Assets.xcassets */ = {isa = PBXFileReference; lastKnownFileType = folder.assetcatalog; path = Assets.xcassets; sourceTree = "<group>"; };
		EDA004C523E4ECDC0030480B /* Preview Assets.xcassets */ = {isa = PBXFileReference; lastKnownFileType = folder.assetcatalog; path = "Preview Assets.xcassets"; sourceTree = "<group>"; };
		EDA004C823E4ECDC0030480B /* Base */ = {isa = PBXFileReference; lastKnownFileType = file.storyboard; name = Base; path = Base.lproj/LaunchScreen.storyboard; sourceTree = "<group>"; };
		EDA004CA23E4ECDC0030480B /* Info.plist */ = {isa = PBXFileReference; lastKnownFileType = text.plist.xml; path = Info.plist; sourceTree = "<group>"; };
		EDA004CF23E4ECDC0030480B /* MuseAITests.xctest */ = {isa = PBXFileReference; explicitFileType = wrapper.cfbundle; includeInIndex = 0; path = MuseAITests.xctest; sourceTree = BUILT_PRODUCTS_DIR; };
		EDA004D323E4ECDC0030480B /* MuseAITests.swift */ = {isa = PBXFileReference; lastKnownFileType = sourcecode.swift; path = MuseAITests.swift; sourceTree = "<group>"; };
		EDA004D523E4ECDC0030480B /* Info.plist */ = {isa = PBXFileReference; lastKnownFileType = text.plist.xml; path = Info.plist; sourceTree = "<group>"; };
		EDA004DA23E4ECDC0030480B /* MuseAIUITests.xctest */ = {isa = PBXFileReference; explicitFileType = wrapper.cfbundle; includeInIndex = 0; path = MuseAIUITests.xctest; sourceTree = BUILT_PRODUCTS_DIR; };
		EDA004DE23E4ECDC0030480B /* MuseAIUITests.swift */ = {isa = PBXFileReference; lastKnownFileType = sourcecode.swift; path = MuseAIUITests.swift; sourceTree = "<group>"; };
		EDA004E023E4ECDC0030480B /* Info.plist */ = {isa = PBXFileReference; lastKnownFileType = text.plist.xml; path = Info.plist; sourceTree = "<group>"; };
		EDA460C723F8E71400901749 /* OrientationLock.swift */ = {isa = PBXFileReference; lastKnownFileType = sourcecode.swift; path = OrientationLock.swift; sourceTree = "<group>"; };
		EDB6C02123F8B7BB002F03BB /* AudioToolbox.framework */ = {isa = PBXFileReference; lastKnownFileType = wrapper.framework; name = AudioToolbox.framework; path = System/Library/Frameworks/AudioToolbox.framework; sourceTree = SDKROOT; };
		EDB6C02C23F8BA59002F03BB /* FluidR3_GM.sf2 */ = {isa = PBXFileReference; lastKnownFileType = file; path = FluidR3_GM.sf2; sourceTree = "<group>"; };
		EDB6C02E23F8BACD002F03BB /* AudioKit.framework */ = {isa = PBXFileReference; lastKnownFileType = wrapper.framework; path = AudioKit.framework; sourceTree = "<group>"; };
		EDB6C02F23F8BACD002F03BB /* AudioKitUI.framework */ = {isa = PBXFileReference; lastKnownFileType = wrapper.framework; path = AudioKitUI.framework; sourceTree = "<group>"; };
		EDC91E0823E62B6E005FFB03 /* Colors.xcassets */ = {isa = PBXFileReference; lastKnownFileType = folder.assetcatalog; path = Colors.xcassets; sourceTree = "<group>"; };
		EDC91E0A23E62EBA005FFB03 /* LoginView.swift */ = {isa = PBXFileReference; lastKnownFileType = sourcecode.swift; path = LoginView.swift; sourceTree = "<group>"; };
		EDC91E0C23E631F6005FFB03 /* GradientBackgroundStyle.swift */ = {isa = PBXFileReference; lastKnownFileType = sourcecode.swift; path = GradientBackgroundStyle.swift; sourceTree = "<group>"; };
		EDC91E0E23E63B99005FFB03 /* HomeView.swift */ = {isa = PBXFileReference; lastKnownFileType = sourcecode.swift; path = HomeView.swift; sourceTree = "<group>"; };
		EDDCE3142454BA5700321F7B /* GoogleService-Info.plist */ = {isa = PBXFileReference; fileEncoding = 4; lastKnownFileType = text.plist.xml; path = "GoogleService-Info.plist"; sourceTree = "<group>"; };
		EDDCE3182454F37A00321F7B /* KeyboardGuardian.swift */ = {isa = PBXFileReference; lastKnownFileType = sourcecode.swift; path = KeyboardGuardian.swift; sourceTree = "<group>"; };
		EDDCE31C2454F42A00321F7B /* GeometryGetter.swift */ = {isa = PBXFileReference; lastKnownFileType = sourcecode.swift; path = GeometryGetter.swift; sourceTree = "<group>"; };
		F107C87EE513B5E97D2C61D9 /* Pods_MuseAI.framework */ = {isa = PBXFileReference; explicitFileType = wrapper.framework; includeInIndex = 0; path = Pods_MuseAI.framework; sourceTree = BUILT_PRODUCTS_DIR; };
/* End PBXFileReference section */

/* Begin PBXFrameworksBuildPhase section */
		EDA004B623E4ECDA0030480B /* Frameworks */ = {
			isa = PBXFrameworksBuildPhase;
			buildActionMask = 2147483647;
			files = (
				EDABFDEE244FA3CC00A2D2AC /* BuildFile in Frameworks */,
				EDB6C03223F8BACD002F03BB /* AudioKitUI.framework in Frameworks */,
				EDB6C03023F8BACD002F03BB /* AudioKit.framework in Frameworks */,
				EDB6C02223F8B7BB002F03BB /* AudioToolbox.framework in Frameworks */,
				A78A75D936950F8D4E3C5323 /* Pods_MuseAI.framework in Frameworks */,
			);
			runOnlyForDeploymentPostprocessing = 0;
		};
		EDA004CC23E4ECDC0030480B /* Frameworks */ = {
			isa = PBXFrameworksBuildPhase;
			buildActionMask = 2147483647;
			files = (
				781EFD6E0B1D70F6436FC400 /* Pods_MuseAITests.framework in Frameworks */,
			);
			runOnlyForDeploymentPostprocessing = 0;
		};
		EDA004D723E4ECDC0030480B /* Frameworks */ = {
			isa = PBXFrameworksBuildPhase;
			buildActionMask = 2147483647;
			files = (
				E7926730DACA7E17F45735CB /* Pods_MuseAI_MuseAIUITests.framework in Frameworks */,
			);
			runOnlyForDeploymentPostprocessing = 0;
		};
/* End PBXFrameworksBuildPhase section */

/* Begin PBXGroup section */
		1CCCE91BEDD8100CE60754E1 /* Pods */ = {
			isa = PBXGroup;
			children = (
				7657E5725FDB62D900A579F7 /* Pods-MuseAI.debug.xcconfig */,
				1645DFA878846A1AAA965089 /* Pods-MuseAI.release.xcconfig */,
				BC1834C0E2C5399D0F580BBB /* Pods-MuseAI-MuseAIUITests.debug.xcconfig */,
				64BFB0031BF5386CE36E87D1 /* Pods-MuseAI-MuseAIUITests.release.xcconfig */,
				55A58B52C3C08F664B373CEB /* Pods-MuseAITests.debug.xcconfig */,
				A418C6910CAA29B0BFDAFD86 /* Pods-MuseAITests.release.xcconfig */,
			);
			path = Pods;
			sourceTree = "<group>";
		};
		EDA004B023E4ECDA0030480B = {
			isa = PBXGroup;
			children = (
				EDB6C02C23F8BA59002F03BB /* FluidR3_GM.sf2 */,
				ED14572423EE48500076A146 /* PianoBackground.jpg */,
				EDA004BB23E4ECDA0030480B /* MuseAI */,
				EDA004D223E4ECDC0030480B /* MuseAITests */,
				EDA004DD23E4ECDC0030480B /* MuseAIUITests */,
				EDA004BA23E4ECDA0030480B /* Products */,
				EDB6C01823F8B79A002F03BB /* Frameworks */,
				1CCCE91BEDD8100CE60754E1 /* Pods */,
			);
			sourceTree = "<group>";
		};
		EDA004BA23E4ECDA0030480B /* Products */ = {
			isa = PBXGroup;
			children = (
				EDA004B923E4ECDA0030480B /* MuseAI.app */,
				EDA004CF23E4ECDC0030480B /* MuseAITests.xctest */,
				EDA004DA23E4ECDC0030480B /* MuseAIUITests.xctest */,
			);
			name = Products;
			sourceTree = "<group>";
		};
		EDA004BB23E4ECDA0030480B /* MuseAI */ = {
			isa = PBXGroup;
			children = (
				EDDCE3142454BA5700321F7B /* GoogleService-Info.plist */,
				EDA004BC23E4ECDA0030480B /* AppDelegate.swift */,
				EDA004BE23E4ECDA0030480B /* SceneDelegate.swift */,
				ED3F7DE723E61E22004010C1 /* StartPageView.swift */,
				ED14572623EE489A0076A146 /* ScreenControl.swift */,
				ED41505A23EE8353005F5917 /* Speaker.swift */,
				ED41505E23EE9FD4005F5917 /* Synth.swift */,
				ED14572823EE48CB0076A146 /* SoundError.swift */,
				EDC91E0E23E63B99005FFB03 /* HomeView.swift */,
				ED41506023EEA2A3005F5917 /* KeyboardViewBridge.swift */,
				ED41506423EEA8B7005F5917 /* KeyboardViewController.swift */,
				ED4B2DE3240AE2CC00F56CC7 /* AINotes.swift */,
				ED7A4E55244EB0220033C332 /* MelodyServerApi.swift */,
				ED7A4E57244EB1FE0033C332 /* MelodyServerApiImpl.swift */,
				ED41506223EEA569005F5917 /* KeyboardView.swift */,
				EDA460C723F8E71400901749 /* OrientationLock.swift */,
				EDC91E0C23E631F6005FFB03 /* GradientBackgroundStyle.swift */,
				EDC91E0A23E62EBA005FFB03 /* LoginView.swift */,
				ED3F7DE523E61C59004010C1 /* CreateAccountView.swift */,
				EDA004C223E4ECDC0030480B /* Assets.xcassets */,
				EDC91E0823E62B6E005FFB03 /* Colors.xcassets */,
				EDA004C723E4ECDC0030480B /* LaunchScreen.storyboard */,
				EDA004CA23E4ECDC0030480B /* Info.plist */,
				EDA004C423E4ECDC0030480B /* Preview Content */,
				EDDCE3182454F37A00321F7B /* KeyboardGuardian.swift */,
				EDDCE31C2454F42A00321F7B /* GeometryGetter.swift */,
			);
			path = MuseAI;
			sourceTree = "<group>";
		};
		EDA004C423E4ECDC0030480B /* Preview Content */ = {
			isa = PBXGroup;
			children = (
				EDA004C523E4ECDC0030480B /* Preview Assets.xcassets */,
			);
			path = "Preview Content";
			sourceTree = "<group>";
		};
		EDA004D223E4ECDC0030480B /* MuseAITests */ = {
			isa = PBXGroup;
			children = (
				EDA004D323E4ECDC0030480B /* MuseAITests.swift */,
				EDA004D523E4ECDC0030480B /* Info.plist */,
			);
			path = MuseAITests;
			sourceTree = "<group>";
		};
		EDA004DD23E4ECDC0030480B /* MuseAIUITests */ = {
			isa = PBXGroup;
			children = (
				EDA004DE23E4ECDC0030480B /* MuseAIUITests.swift */,
				EDA004E023E4ECDC0030480B /* Info.plist */,
			);
			path = MuseAIUITests;
			sourceTree = "<group>";
		};
		EDB6C01823F8B79A002F03BB /* Frameworks */ = {
			isa = PBXGroup;
			children = (
				EDB6C02E23F8BACD002F03BB /* AudioKit.framework */,
				EDB6C02F23F8BACD002F03BB /* AudioKitUI.framework */,
				EDB6C02123F8B7BB002F03BB /* AudioToolbox.framework */,
				F107C87EE513B5E97D2C61D9 /* Pods_MuseAI.framework */,
				44ED89FC0E8A4093009F7A6A /* Pods_MuseAI_MuseAIUITests.framework */,
				7835B8A9EE201DB8A570FD43 /* Pods_MuseAITests.framework */,
			);
			name = Frameworks;
			sourceTree = "<group>";
		};
/* End PBXGroup section */

/* Begin PBXNativeTarget section */
		EDA004B823E4ECDA0030480B /* MuseAI */ = {
			isa = PBXNativeTarget;
			buildConfigurationList = EDA004E323E4ECDC0030480B /* Build configuration list for PBXNativeTarget "MuseAI" */;
			buildPhases = (
				05E8E1EDBA9A1AFD1153C1DA /* [CP] Check Pods Manifest.lock */,
				EDA004B523E4ECDA0030480B /* Sources */,
				EDA004B623E4ECDA0030480B /* Frameworks */,
				EDA004B723E4ECDA0030480B /* Resources */,
				4416AA88430F670012D38287 /* [CP] Embed Pods Frameworks */,
			);
			buildRules = (
			);
			dependencies = (
			);
			name = MuseAI;
			packageProductDependencies = (
				EDABFDED244FA3CC00A2D2AC /* SwiftPackageProductDependency */,
			);
			productName = MuseAI;
			productReference = EDA004B923E4ECDA0030480B /* MuseAI.app */;
			productType = "com.apple.product-type.application";
		};
		EDA004CE23E4ECDC0030480B /* MuseAITests */ = {
			isa = PBXNativeTarget;
			buildConfigurationList = EDA004E623E4ECDC0030480B /* Build configuration list for PBXNativeTarget "MuseAITests" */;
			buildPhases = (
				1C97433695A3181084DB5A33 /* [CP] Check Pods Manifest.lock */,
				EDA004CB23E4ECDC0030480B /* Sources */,
				EDA004CC23E4ECDC0030480B /* Frameworks */,
				EDA004CD23E4ECDC0030480B /* Resources */,
			);
			buildRules = (
			);
			dependencies = (
				EDA004D123E4ECDC0030480B /* PBXTargetDependency */,
			);
			name = MuseAITests;
			productName = MuseAITests;
			productReference = EDA004CF23E4ECDC0030480B /* MuseAITests.xctest */;
			productType = "com.apple.product-type.bundle.unit-test";
		};
		EDA004D923E4ECDC0030480B /* MuseAIUITests */ = {
			isa = PBXNativeTarget;
			buildConfigurationList = EDA004E923E4ECDC0030480B /* Build configuration list for PBXNativeTarget "MuseAIUITests" */;
			buildPhases = (
				73800EB01913B591560AE041 /* [CP] Check Pods Manifest.lock */,
				EDA004D623E4ECDC0030480B /* Sources */,
				EDA004D723E4ECDC0030480B /* Frameworks */,
				EDA004D823E4ECDC0030480B /* Resources */,
				CE089A5E51ECC70B196B6726 /* [CP] Embed Pods Frameworks */,
			);
			buildRules = (
			);
			dependencies = (
				EDA004DC23E4ECDC0030480B /* PBXTargetDependency */,
			);
			name = MuseAIUITests;
			productName = MuseAIUITests;
			productReference = EDA004DA23E4ECDC0030480B /* MuseAIUITests.xctest */;
			productType = "com.apple.product-type.bundle.ui-testing";
		};
/* End PBXNativeTarget section */

/* Begin PBXProject section */
		EDA004B123E4ECDA0030480B /* Project object */ = {
			isa = PBXProject;
			attributes = {
				LastSwiftUpdateCheck = 1130;
				LastUpgradeCheck = 1130;
				ORGANIZATIONNAME = "Garrett Wayne";
				TargetAttributes = {
					EDA004B823E4ECDA0030480B = {
						CreatedOnToolsVersion = 11.3.1;
					};
					EDA004CE23E4ECDC0030480B = {
						CreatedOnToolsVersion = 11.3.1;
						TestTargetID = EDA004B823E4ECDA0030480B;
					};
					EDA004D923E4ECDC0030480B = {
						CreatedOnToolsVersion = 11.3.1;
						TestTargetID = EDA004B823E4ECDA0030480B;
					};
				};
			};
			buildConfigurationList = EDA004B423E4ECDA0030480B /* Build configuration list for PBXProject "MuseAI" */;
			compatibilityVersion = "Xcode 9.3";
			developmentRegion = en;
			hasScannedForEncodings = 0;
			knownRegions = (
				en,
				Base,
			);
			mainGroup = EDA004B023E4ECDA0030480B;
			packageReferences = (
				EDABFDEC244FA3CC00A2D2AC /* RemoteSwiftPackageReference */,
			);
			productRefGroup = EDA004BA23E4ECDA0030480B /* Products */;
			projectDirPath = "";
			projectRoot = "";
			targets = (
				EDA004B823E4ECDA0030480B /* MuseAI */,
				EDA004CE23E4ECDC0030480B /* MuseAITests */,
				EDA004D923E4ECDC0030480B /* MuseAIUITests */,
			);
		};
/* End PBXProject section */

/* Begin PBXResourcesBuildPhase section */
		EDA004B723E4ECDA0030480B /* Resources */ = {
			isa = PBXResourcesBuildPhase;
			buildActionMask = 2147483647;
			files = (
				ED14572523EE48500076A146 /* PianoBackground.jpg in Resources */,
				EDA004C923E4ECDC0030480B /* LaunchScreen.storyboard in Resources */,
				EDC91E0923E62B6E005FFB03 /* Colors.xcassets in Resources */,
				EDA004C623E4ECDC0030480B /* Preview Assets.xcassets in Resources */,
				EDA004C323E4ECDC0030480B /* Assets.xcassets in Resources */,
				EDB6C02D23F8BA59002F03BB /* FluidR3_GM.sf2 in Resources */,
				EDDCE3152454BA5700321F7B /* GoogleService-Info.plist in Resources */,
			);
			runOnlyForDeploymentPostprocessing = 0;
		};
		EDA004CD23E4ECDC0030480B /* Resources */ = {
			isa = PBXResourcesBuildPhase;
			buildActionMask = 2147483647;
			files = (
				EDDCE3162454BA5700321F7B /* GoogleService-Info.plist in Resources */,
			);
			runOnlyForDeploymentPostprocessing = 0;
		};
		EDA004D823E4ECDC0030480B /* Resources */ = {
			isa = PBXResourcesBuildPhase;
			buildActionMask = 2147483647;
			files = (
				EDDCE3172454BA5700321F7B /* GoogleService-Info.plist in Resources */,
			);
			runOnlyForDeploymentPostprocessing = 0;
		};
/* End PBXResourcesBuildPhase section */

/* Begin PBXShellScriptBuildPhase section */
		05E8E1EDBA9A1AFD1153C1DA /* [CP] Check Pods Manifest.lock */ = {
			isa = PBXShellScriptBuildPhase;
			buildActionMask = 2147483647;
			files = (
			);
			inputFileListPaths = (
			);
			inputPaths = (
				"${PODS_PODFILE_DIR_PATH}/Podfile.lock",
				"${PODS_ROOT}/Manifest.lock",
			);
			name = "[CP] Check Pods Manifest.lock";
			outputFileListPaths = (
			);
			outputPaths = (
				"$(DERIVED_FILE_DIR)/Pods-MuseAI-checkManifestLockResult.txt",
			);
			runOnlyForDeploymentPostprocessing = 0;
			shellPath = /bin/sh;
			shellScript = "diff \"${PODS_PODFILE_DIR_PATH}/Podfile.lock\" \"${PODS_ROOT}/Manifest.lock\" > /dev/null\nif [ $? != 0 ] ; then\n    # print error to STDERR\n    echo \"error: The sandbox is not in sync with the Podfile.lock. Run 'pod install' or update your CocoaPods installation.\" >&2\n    exit 1\nfi\n# This output is used by Xcode 'outputs' to avoid re-running this script phase.\necho \"SUCCESS\" > \"${SCRIPT_OUTPUT_FILE_0}\"\n";
			showEnvVarsInLog = 0;
		};
		1C97433695A3181084DB5A33 /* [CP] Check Pods Manifest.lock */ = {
			isa = PBXShellScriptBuildPhase;
			buildActionMask = 2147483647;
			files = (
			);
			inputFileListPaths = (
			);
			inputPaths = (
				"${PODS_PODFILE_DIR_PATH}/Podfile.lock",
				"${PODS_ROOT}/Manifest.lock",
			);
			name = "[CP] Check Pods Manifest.lock";
			outputFileListPaths = (
			);
			outputPaths = (
				"$(DERIVED_FILE_DIR)/Pods-MuseAITests-checkManifestLockResult.txt",
			);
			runOnlyForDeploymentPostprocessing = 0;
			shellPath = /bin/sh;
			shellScript = "diff \"${PODS_PODFILE_DIR_PATH}/Podfile.lock\" \"${PODS_ROOT}/Manifest.lock\" > /dev/null\nif [ $? != 0 ] ; then\n    # print error to STDERR\n    echo \"error: The sandbox is not in sync with the Podfile.lock. Run 'pod install' or update your CocoaPods installation.\" >&2\n    exit 1\nfi\n# This output is used by Xcode 'outputs' to avoid re-running this script phase.\necho \"SUCCESS\" > \"${SCRIPT_OUTPUT_FILE_0}\"\n";
			showEnvVarsInLog = 0;
		};
		4416AA88430F670012D38287 /* [CP] Embed Pods Frameworks */ = {
			isa = PBXShellScriptBuildPhase;
			buildActionMask = 2147483647;
			files = (
			);
			inputFileListPaths = (
				"${PODS_ROOT}/Target Support Files/Pods-MuseAI/Pods-MuseAI-frameworks-${CONFIGURATION}-input-files.xcfilelist",
			);
			name = "[CP] Embed Pods Frameworks";
			outputFileListPaths = (
				"${PODS_ROOT}/Target Support Files/Pods-MuseAI/Pods-MuseAI-frameworks-${CONFIGURATION}-output-files.xcfilelist",
			);
			runOnlyForDeploymentPostprocessing = 0;
			shellPath = /bin/sh;
			shellScript = "\"${PODS_ROOT}/Target Support Files/Pods-MuseAI/Pods-MuseAI-frameworks.sh\"\n";
			showEnvVarsInLog = 0;
		};
		73800EB01913B591560AE041 /* [CP] Check Pods Manifest.lock */ = {
			isa = PBXShellScriptBuildPhase;
			buildActionMask = 2147483647;
			files = (
			);
			inputFileListPaths = (
			);
			inputPaths = (
				"${PODS_PODFILE_DIR_PATH}/Podfile.lock",
				"${PODS_ROOT}/Manifest.lock",
			);
			name = "[CP] Check Pods Manifest.lock";
			outputFileListPaths = (
			);
			outputPaths = (
				"$(DERIVED_FILE_DIR)/Pods-MuseAI-MuseAIUITests-checkManifestLockResult.txt",
			);
			runOnlyForDeploymentPostprocessing = 0;
			shellPath = /bin/sh;
			shellScript = "diff \"${PODS_PODFILE_DIR_PATH}/Podfile.lock\" \"${PODS_ROOT}/Manifest.lock\" > /dev/null\nif [ $? != 0 ] ; then\n    # print error to STDERR\n    echo \"error: The sandbox is not in sync with the Podfile.lock. Run 'pod install' or update your CocoaPods installation.\" >&2\n    exit 1\nfi\n# This output is used by Xcode 'outputs' to avoid re-running this script phase.\necho \"SUCCESS\" > \"${SCRIPT_OUTPUT_FILE_0}\"\n";
			showEnvVarsInLog = 0;
		};
		CE089A5E51ECC70B196B6726 /* [CP] Embed Pods Frameworks */ = {
			isa = PBXShellScriptBuildPhase;
			buildActionMask = 2147483647;
			files = (
			);
			inputFileListPaths = (
				"${PODS_ROOT}/Target Support Files/Pods-MuseAI-MuseAIUITests/Pods-MuseAI-MuseAIUITests-frameworks-${CONFIGURATION}-input-files.xcfilelist",
			);
			name = "[CP] Embed Pods Frameworks";
			outputFileListPaths = (
				"${PODS_ROOT}/Target Support Files/Pods-MuseAI-MuseAIUITests/Pods-MuseAI-MuseAIUITests-frameworks-${CONFIGURATION}-output-files.xcfilelist",
			);
			runOnlyForDeploymentPostprocessing = 0;
			shellPath = /bin/sh;
			shellScript = "\"${PODS_ROOT}/Target Support Files/Pods-MuseAI-MuseAIUITests/Pods-MuseAI-MuseAIUITests-frameworks.sh\"\n";
			showEnvVarsInLog = 0;
		};
/* End PBXShellScriptBuildPhase section */

/* Begin PBXSourcesBuildPhase section */
		EDA004B523E4ECDA0030480B /* Sources */ = {
			isa = PBXSourcesBuildPhase;
			buildActionMask = 2147483647;
			files = (
				EDC91E0B23E62EBA005FFB03 /* LoginView.swift in Sources */,
				ED41506323EEA569005F5917 /* KeyboardView.swift in Sources */,
				EDDCE3192454F37A00321F7B /* KeyboardGuardian.swift in Sources */,
				EDA004BD23E4ECDA0030480B /* AppDelegate.swift in Sources */,
				EDA004BF23E4ECDA0030480B /* SceneDelegate.swift in Sources */,
				ED3F7DE823E61E22004010C1 /* StartPageView.swift in Sources */,
				EDA460C823F8E71400901749 /* OrientationLock.swift in Sources */,
				ED14572923EE48CB0076A146 /* SoundError.swift in Sources */,
				ED41505F23EE9FD4005F5917 /* Synth.swift in Sources */,
				EDC91E0F23E63B99005FFB03 /* HomeView.swift in Sources */,
				ED3F7DE623E61C59004010C1 /* CreateAccountView.swift in Sources */,
				ED41505B23EE8353005F5917 /* Speaker.swift in Sources */,
				ED7A4E56244EB0220033C332 /* MelodyServerApi.swift in Sources */,
				ED4B2DE4240AE2CC00F56CC7 /* AINotes.swift in Sources */,
				EDDCE31D2454F42A00321F7B /* GeometryGetter.swift in Sources */,
				ED7A4E58244EB1FE0033C332 /* MelodyServerApiImpl.swift in Sources */,
				ED41506123EEA2A3005F5917 /* KeyboardViewBridge.swift in Sources */,
				ED41506523EEA8B7005F5917 /* KeyboardViewController.swift in Sources */,
				EDC91E0D23E631F6005FFB03 /* GradientBackgroundStyle.swift in Sources */,
				ED14572723EE489A0076A146 /* ScreenControl.swift in Sources */,
			);
			runOnlyForDeploymentPostprocessing = 0;
		};
		EDA004CB23E4ECDC0030480B /* Sources */ = {
			isa = PBXSourcesBuildPhase;
			buildActionMask = 2147483647;
			files = (
				EDA004D423E4ECDC0030480B /* MuseAITests.swift in Sources */,
				EDDCE31A2454F37A00321F7B /* KeyboardGuardian.swift in Sources */,
				EDDCE31E2454F42A00321F7B /* GeometryGetter.swift in Sources */,
			);
			runOnlyForDeploymentPostprocessing = 0;
		};
		EDA004D623E4ECDC0030480B /* Sources */ = {
			isa = PBXSourcesBuildPhase;
			buildActionMask = 2147483647;
			files = (
				EDA004DF23E4ECDC0030480B /* MuseAIUITests.swift in Sources */,
				EDDCE31B2454F37A00321F7B /* KeyboardGuardian.swift in Sources */,
				EDDCE31F2454F42A00321F7B /* GeometryGetter.swift in Sources */,
			);
			runOnlyForDeploymentPostprocessing = 0;
		};
/* End PBXSourcesBuildPhase section */

/* Begin PBXTargetDependency section */
		EDA004D123E4ECDC0030480B /* PBXTargetDependency */ = {
			isa = PBXTargetDependency;
			target = EDA004B823E4ECDA0030480B /* MuseAI */;
			targetProxy = EDA004D023E4ECDC0030480B /* PBXContainerItemProxy */;
		};
		EDA004DC23E4ECDC0030480B /* PBXTargetDependency */ = {
			isa = PBXTargetDependency;
			target = EDA004B823E4ECDA0030480B /* MuseAI */;
			targetProxy = EDA004DB23E4ECDC0030480B /* PBXContainerItemProxy */;
		};
/* End PBXTargetDependency section */

/* Begin PBXVariantGroup section */
		EDA004C723E4ECDC0030480B /* LaunchScreen.storyboard */ = {
			isa = PBXVariantGroup;
			children = (
				EDA004C823E4ECDC0030480B /* Base */,
			);
			name = LaunchScreen.storyboard;
			sourceTree = "<group>";
		};
/* End PBXVariantGroup section */

/* Begin XCBuildConfiguration section */
		EDA004E123E4ECDC0030480B /* Debug */ = {
			isa = XCBuildConfiguration;
			buildSettings = {
				ALWAYS_SEARCH_USER_PATHS = NO;
				CLANG_ANALYZER_NONNULL = YES;
				CLANG_ANALYZER_NUMBER_OBJECT_CONVERSION = YES_AGGRESSIVE;
				CLANG_CXX_LANGUAGE_STANDARD = "gnu++14";
				CLANG_CXX_LIBRARY = "libc++";
				CLANG_ENABLE_MODULES = YES;
				CLANG_ENABLE_OBJC_ARC = YES;
				CLANG_ENABLE_OBJC_WEAK = YES;
				CLANG_WARN_BLOCK_CAPTURE_AUTORELEASING = YES;
				CLANG_WARN_BOOL_CONVERSION = YES;
				CLANG_WARN_COMMA = YES;
				CLANG_WARN_CONSTANT_CONVERSION = YES;
				CLANG_WARN_DEPRECATED_OBJC_IMPLEMENTATIONS = YES;
				CLANG_WARN_DIRECT_OBJC_ISA_USAGE = YES_ERROR;
				CLANG_WARN_DOCUMENTATION_COMMENTS = YES;
				CLANG_WARN_EMPTY_BODY = YES;
				CLANG_WARN_ENUM_CONVERSION = YES;
				CLANG_WARN_INFINITE_RECURSION = YES;
				CLANG_WARN_INT_CONVERSION = YES;
				CLANG_WARN_NON_LITERAL_NULL_CONVERSION = YES;
				CLANG_WARN_OBJC_IMPLICIT_RETAIN_SELF = YES;
				CLANG_WARN_OBJC_LITERAL_CONVERSION = YES;
				CLANG_WARN_OBJC_ROOT_CLASS = YES_ERROR;
				CLANG_WARN_RANGE_LOOP_ANALYSIS = YES;
				CLANG_WARN_STRICT_PROTOTYPES = YES;
				CLANG_WARN_SUSPICIOUS_MOVE = YES;
				CLANG_WARN_UNGUARDED_AVAILABILITY = YES_AGGRESSIVE;
				CLANG_WARN_UNREACHABLE_CODE = YES;
				CLANG_WARN__DUPLICATE_METHOD_MATCH = YES;
				COPY_PHASE_STRIP = NO;
				DEBUG_INFORMATION_FORMAT = dwarf;
				ENABLE_STRICT_OBJC_MSGSEND = YES;
				ENABLE_TESTABILITY = YES;
				GCC_C_LANGUAGE_STANDARD = gnu11;
				GCC_DYNAMIC_NO_PIC = NO;
				GCC_NO_COMMON_BLOCKS = YES;
				GCC_OPTIMIZATION_LEVEL = 0;
				GCC_PREPROCESSOR_DEFINITIONS = (
					"DEBUG=1",
					"$(inherited)",
				);
				GCC_WARN_64_TO_32_BIT_CONVERSION = YES;
				GCC_WARN_ABOUT_RETURN_TYPE = YES_ERROR;
				GCC_WARN_UNDECLARED_SELECTOR = YES;
				GCC_WARN_UNINITIALIZED_AUTOS = YES_AGGRESSIVE;
				GCC_WARN_UNUSED_FUNCTION = YES;
				GCC_WARN_UNUSED_VARIABLE = YES;
				IPHONEOS_DEPLOYMENT_TARGET = 13.2;
				MTL_ENABLE_DEBUG_INFO = INCLUDE_SOURCE;
				MTL_FAST_MATH = YES;
				ONLY_ACTIVE_ARCH = YES;
				SDKROOT = iphoneos;
				SWIFT_ACTIVE_COMPILATION_CONDITIONS = DEBUG;
				SWIFT_OPTIMIZATION_LEVEL = "-Onone";
			};
			name = Debug;
		};
		EDA004E223E4ECDC0030480B /* Release */ = {
			isa = XCBuildConfiguration;
			buildSettings = {
				ALWAYS_SEARCH_USER_PATHS = NO;
				CLANG_ANALYZER_NONNULL = YES;
				CLANG_ANALYZER_NUMBER_OBJECT_CONVERSION = YES_AGGRESSIVE;
				CLANG_CXX_LANGUAGE_STANDARD = "gnu++14";
				CLANG_CXX_LIBRARY = "libc++";
				CLANG_ENABLE_MODULES = YES;
				CLANG_ENABLE_OBJC_ARC = YES;
				CLANG_ENABLE_OBJC_WEAK = YES;
				CLANG_WARN_BLOCK_CAPTURE_AUTORELEASING = YES;
				CLANG_WARN_BOOL_CONVERSION = YES;
				CLANG_WARN_COMMA = YES;
				CLANG_WARN_CONSTANT_CONVERSION = YES;
				CLANG_WARN_DEPRECATED_OBJC_IMPLEMENTATIONS = YES;
				CLANG_WARN_DIRECT_OBJC_ISA_USAGE = YES_ERROR;
				CLANG_WARN_DOCUMENTATION_COMMENTS = YES;
				CLANG_WARN_EMPTY_BODY = YES;
				CLANG_WARN_ENUM_CONVERSION = YES;
				CLANG_WARN_INFINITE_RECURSION = YES;
				CLANG_WARN_INT_CONVERSION = YES;
				CLANG_WARN_NON_LITERAL_NULL_CONVERSION = YES;
				CLANG_WARN_OBJC_IMPLICIT_RETAIN_SELF = YES;
				CLANG_WARN_OBJC_LITERAL_CONVERSION = YES;
				CLANG_WARN_OBJC_ROOT_CLASS = YES_ERROR;
				CLANG_WARN_RANGE_LOOP_ANALYSIS = YES;
				CLANG_WARN_STRICT_PROTOTYPES = YES;
				CLANG_WARN_SUSPICIOUS_MOVE = YES;
				CLANG_WARN_UNGUARDED_AVAILABILITY = YES_AGGRESSIVE;
				CLANG_WARN_UNREACHABLE_CODE = YES;
				CLANG_WARN__DUPLICATE_METHOD_MATCH = YES;
				COPY_PHASE_STRIP = NO;
				DEBUG_INFORMATION_FORMAT = "dwarf-with-dsym";
				ENABLE_NS_ASSERTIONS = NO;
				ENABLE_STRICT_OBJC_MSGSEND = YES;
				GCC_C_LANGUAGE_STANDARD = gnu11;
				GCC_NO_COMMON_BLOCKS = YES;
				GCC_WARN_64_TO_32_BIT_CONVERSION = YES;
				GCC_WARN_ABOUT_RETURN_TYPE = YES_ERROR;
				GCC_WARN_UNDECLARED_SELECTOR = YES;
				GCC_WARN_UNINITIALIZED_AUTOS = YES_AGGRESSIVE;
				GCC_WARN_UNUSED_FUNCTION = YES;
				GCC_WARN_UNUSED_VARIABLE = YES;
				IPHONEOS_DEPLOYMENT_TARGET = 13.2;
				MTL_ENABLE_DEBUG_INFO = NO;
				MTL_FAST_MATH = YES;
				SDKROOT = iphoneos;
				SWIFT_COMPILATION_MODE = wholemodule;
				SWIFT_OPTIMIZATION_LEVEL = "-O";
				VALIDATE_PRODUCT = YES;
			};
			name = Release;
		};
		EDA004E423E4ECDC0030480B /* Debug */ = {
			isa = XCBuildConfiguration;
			baseConfigurationReference = 7657E5725FDB62D900A579F7 /* Pods-MuseAI.debug.xcconfig */;
			buildSettings = {
				ASSETCATALOG_COMPILER_APPICON_NAME = AppIcon;
				CODE_SIGN_STYLE = Automatic;
				DEVELOPMENT_ASSET_PATHS = "\"MuseAI/Preview Content\"";
				DEVELOPMENT_TEAM = HB4DAQ84KB;
				ENABLE_PREVIEWS = YES;
				FRAMEWORK_SEARCH_PATHS = (
					"$(inherited)",
					"$(PROJECT_DIR)",
				);
				INFOPLIST_FILE = MuseAI/Info.plist;
				LD_RUNPATH_SEARCH_PATHS = (
					"$(inherited)",
					"@executable_path/Frameworks",
				);
				"OTHER_LDFLAGS[arch=*]" = (
					"$(inherited)",
					"-ObjC",
					"-l\"c++\"",
					"-l\"z\"",
					"-framework",
					"\"CoreTelephony\"",
					"-framework",
					"\"FBLPromises\"",
					"-framework",
					"\"FirebaseAuth\"",
					"-framework",
					"\"FirebaseCore\"",
					"-framework",
					"\"FirebaseCoreDiagnostics\"",
					"-framework",
					"\"FirebaseFirestore\"",
					"-framework",
					"\"Foundation\"",
					"-framework",
					"\"GTMSessionFetcher\"",
					"-framework",
					"\"GoogleDataTransport\"",
					"-framework",
					"\"GoogleDataTransportCCTSupport\"",
					"-framework",
					"\"GoogleUtilities\"",
					"-framework",
					"\"MobileCoreServices\"",
					"-framework",
					"\"SafariServices\"",
					"-framework",
					"\"Security\"",
					"-framework",
					"\"SystemConfiguration\"",
					"-framework",
					"\"UIKit\"",
					"-framework",
					"\"absl\"",
					"-framework",
					"\"grpc\"",
					"-framework",
					"\"grpcpp\"",
					"-framework",
					"\"leveldb\"",
					"-framework",
					"\"nanopb\"",
					"-framework",
					"\"openssl_grpc\"",
				);
				PRODUCT_BUNDLE_IDENTIFIER = com.GarrettWayne.MuseAI;
				PRODUCT_NAME = "$(TARGET_NAME)";
				SWIFT_VERSION = 5.0;
				TARGETED_DEVICE_FAMILY = "1,2";
			};
			name = Debug;
		};
		EDA004E523E4ECDC0030480B /* Release */ = {
			isa = XCBuildConfiguration;
			baseConfigurationReference = 1645DFA878846A1AAA965089 /* Pods-MuseAI.release.xcconfig */;
			buildSettings = {
				ASSETCATALOG_COMPILER_APPICON_NAME = AppIcon;
				CODE_SIGN_STYLE = Automatic;
				DEVELOPMENT_ASSET_PATHS = "\"MuseAI/Preview Content\"";
				DEVELOPMENT_TEAM = HB4DAQ84KB;
				ENABLE_PREVIEWS = YES;
				FRAMEWORK_SEARCH_PATHS = (
					"$(inherited)",
					"$(PROJECT_DIR)",
				);
				INFOPLIST_FILE = MuseAI/Info.plist;
				LD_RUNPATH_SEARCH_PATHS = (
					"$(inherited)",
					"@executable_path/Frameworks",
				);
				"OTHER_LDFLAGS[arch=*]" = (
					"$(inherited)",
					"-ObjC",
					"-l\"c++\"",
					"-l\"z\"",
					"-framework",
					"\"CoreTelephony\"",
					"-framework",
					"\"FBLPromises\"",
					"-framework",
					"\"FirebaseAuth\"",
					"-framework",
					"\"FirebaseCore\"",
					"-framework",
					"\"FirebaseCoreDiagnostics\"",
					"-framework",
					"\"FirebaseFirestore\"",
					"-framework",
					"\"Foundation\"",
					"-framework",
					"\"GTMSessionFetcher\"",
					"-framework",
					"\"GoogleDataTransport\"",
					"-framework",
					"\"GoogleDataTransportCCTSupport\"",
					"-framework",
					"\"GoogleUtilities\"",
					"-framework",
					"\"MobileCoreServices\"",
					"-framework",
					"\"SafariServices\"",
					"-framework",
					"\"Security\"",
					"-framework",
					"\"SystemConfiguration\"",
					"-framework",
					"\"UIKit\"",
					"-framework",
					"\"absl\"",
					"-framework",
					"\"grpc\"",
					"-framework",
					"\"grpcpp\"",
					"-framework",
					"\"leveldb\"",
					"-framework",
					"\"nanopb\"",
					"-framework",
					"\"openssl_grpc\"",
				);
				PRODUCT_BUNDLE_IDENTIFIER = com.GarrettWayne.MuseAI;
				PRODUCT_NAME = "$(TARGET_NAME)";
				SWIFT_VERSION = 5.0;
				TARGETED_DEVICE_FAMILY = "1,2";
			};
			name = Release;
		};
		EDA004E723E4ECDC0030480B /* Debug */ = {
			isa = XCBuildConfiguration;
			baseConfigurationReference = 55A58B52C3C08F664B373CEB /* Pods-MuseAITests.debug.xcconfig */;
			buildSettings = {
				ALWAYS_EMBED_SWIFT_STANDARD_LIBRARIES = YES;
				BUNDLE_LOADER = "$(TEST_HOST)";
				CODE_SIGN_STYLE = Automatic;
				DEVELOPMENT_TEAM = HB4DAQ84KB;
				INFOPLIST_FILE = MuseAITests/Info.plist;
				IPHONEOS_DEPLOYMENT_TARGET = 13.2;
				LD_RUNPATH_SEARCH_PATHS = (
					"$(inherited)",
					"@executable_path/Frameworks",
					"@loader_path/Frameworks",
				);
				PRODUCT_BUNDLE_IDENTIFIER = GarrettWayne.MuseAITests;
				PRODUCT_NAME = "$(TARGET_NAME)";
				SWIFT_VERSION = 5.0;
				TARGETED_DEVICE_FAMILY = "1,2";
				TEST_HOST = "$(BUILT_PRODUCTS_DIR)/MuseAI.app/MuseAI";
			};
			name = Debug;
		};
		EDA004E823E4ECDC0030480B /* Release */ = {
			isa = XCBuildConfiguration;
			baseConfigurationReference = A418C6910CAA29B0BFDAFD86 /* Pods-MuseAITests.release.xcconfig */;
			buildSettings = {
				ALWAYS_EMBED_SWIFT_STANDARD_LIBRARIES = YES;
				BUNDLE_LOADER = "$(TEST_HOST)";
				CODE_SIGN_STYLE = Automatic;
				DEVELOPMENT_TEAM = HB4DAQ84KB;
				INFOPLIST_FILE = MuseAITests/Info.plist;
				IPHONEOS_DEPLOYMENT_TARGET = 13.2;
				LD_RUNPATH_SEARCH_PATHS = (
					"$(inherited)",
					"@executable_path/Frameworks",
					"@loader_path/Frameworks",
				);
				PRODUCT_BUNDLE_IDENTIFIER = GarrettWayne.MuseAITests;
				PRODUCT_NAME = "$(TARGET_NAME)";
				SWIFT_VERSION = 5.0;
				TARGETED_DEVICE_FAMILY = "1,2";
				TEST_HOST = "$(BUILT_PRODUCTS_DIR)/MuseAI.app/MuseAI";
			};
			name = Release;
		};
		EDA004EA23E4ECDC0030480B /* Debug */ = {
			isa = XCBuildConfiguration;
			baseConfigurationReference = BC1834C0E2C5399D0F580BBB /* Pods-MuseAI-MuseAIUITests.debug.xcconfig */;
			buildSettings = {
				ALWAYS_EMBED_SWIFT_STANDARD_LIBRARIES = YES;
				CODE_SIGN_STYLE = Automatic;
				DEVELOPMENT_TEAM = HB4DAQ84KB;
				INFOPLIST_FILE = MuseAIUITests/Info.plist;
				LD_RUNPATH_SEARCH_PATHS = (
					"$(inherited)",
					"@executable_path/Frameworks",
					"@loader_path/Frameworks",
				);
				PRODUCT_BUNDLE_IDENTIFIER = GarrettWayne.MuseAIUITests;
				PRODUCT_NAME = "$(TARGET_NAME)";
				SWIFT_VERSION = 5.0;
				TARGETED_DEVICE_FAMILY = "1,2";
				TEST_TARGET_NAME = MuseAI;
			};
			name = Debug;
		};
		EDA004EB23E4ECDC0030480B /* Release */ = {
			isa = XCBuildConfiguration;
			baseConfigurationReference = 64BFB0031BF5386CE36E87D1 /* Pods-MuseAI-MuseAIUITests.release.xcconfig */;
			buildSettings = {
				ALWAYS_EMBED_SWIFT_STANDARD_LIBRARIES = YES;
				CODE_SIGN_STYLE = Automatic;
				DEVELOPMENT_TEAM = HB4DAQ84KB;
				INFOPLIST_FILE = MuseAIUITests/Info.plist;
				LD_RUNPATH_SEARCH_PATHS = (
					"$(inherited)",
					"@executable_path/Frameworks",
					"@loader_path/Frameworks",
				);
				PRODUCT_BUNDLE_IDENTIFIER = GarrettWayne.MuseAIUITests;
				PRODUCT_NAME = "$(TARGET_NAME)";
				SWIFT_VERSION = 5.0;
				TARGETED_DEVICE_FAMILY = "1,2";
				TEST_TARGET_NAME = MuseAI;
			};
			name = Release;
		};
/* End XCBuildConfiguration section */

/* Begin XCConfigurationList section */
		EDA004B423E4ECDA0030480B /* Build configuration list for PBXProject "MuseAI" */ = {
			isa = XCConfigurationList;
			buildConfigurations = (
				EDA004E123E4ECDC0030480B /* Debug */,
				EDA004E223E4ECDC0030480B /* Release */,
			);
			defaultConfigurationIsVisible = 0;
			defaultConfigurationName = Release;
		};
		EDA004E323E4ECDC0030480B /* Build configuration list for PBXNativeTarget "MuseAI" */ = {
			isa = XCConfigurationList;
			buildConfigurations = (
				EDA004E423E4ECDC0030480B /* Debug */,
				EDA004E523E4ECDC0030480B /* Release */,
			);
			defaultConfigurationIsVisible = 0;
			defaultConfigurationName = Release;
		};
		EDA004E623E4ECDC0030480B /* Build configuration list for PBXNativeTarget "MuseAITests" */ = {
			isa = XCConfigurationList;
			buildConfigurations = (
				EDA004E723E4ECDC0030480B /* Debug */,
				EDA004E823E4ECDC0030480B /* Release */,
			);
			defaultConfigurationIsVisible = 0;
			defaultConfigurationName = Release;
		};
		EDA004E923E4ECDC0030480B /* Build configuration list for PBXNativeTarget "MuseAIUITests" */ = {
			isa = XCConfigurationList;
			buildConfigurations = (
				EDA004EA23E4ECDC0030480B /* Debug */,
				EDA004EB23E4ECDC0030480B /* Release */,
			);
			defaultConfigurationIsVisible = 0;
			defaultConfigurationName = Release;
		};
/* End XCConfigurationList section */

/* Begin XCRemoteSwiftPackageReference section */
		EDABFDEC244FA3CC00A2D2AC /* RemoteSwiftPackageReference */ = {
			isa = XCRemoteSwiftPackageReference;
			repositoryURL = "https://github.com/swift-server/async-http-client.git";
			requirement = {
				kind = upToNextMajorVersion;
				minimumVersion = 1.1.1;
			};
		};
/* End XCRemoteSwiftPackageReference section */

/* Begin XCSwiftPackageProductDependency section */
		EDABFDED244FA3CC00A2D2AC /* SwiftPackageProductDependency */ = {
			isa = XCSwiftPackageProductDependency;
			package = EDABFDEC244FA3CC00A2D2AC /* RemoteSwiftPackageReference */;
			productName = AsyncHTTPClient;
		};
/* End XCSwiftPackageProductDependency section */
	};
	rootObject = EDA004B123E4ECDA0030480B /* Project object */;
}
